
Microsoft Visual Studio Solution File, Format Version 12.00
# Visual Studio Version 16
VisualStudioVersion = 16.0.31025.194
MinimumVisualStudioVersion = 10.0.40219.1
Project("{9A19103F-16F7-4668-BE54-9A1E7A4F7556}") = "PollyTraining", "TransactionsTraining\PollyTraining.csproj", "{7507D9AB-A9B5-41AF-8EF8-FBC346CACBB6}"
EndProject
Project("{FAE04EC0-301F-11D3-BF4B-00C04F79EFBC}") = "SBShared", "SBShared\SBShared.csproj", "{E977B5F6-964F-4DF0-B08D-FC468C2079C9}"
EndProject
Project("{FAE04EC0-301F-11D3-BF4B-00C04F79EFBC}") = "SBReceiver", "SBReceiver\SBReceiver.csproj", "{0AC7AE73-F9F7-42DC-A3F5-DA85C4D06C6B}"
EndProject
Project("{FAE04EC0-301F-11D3-BF4B-00C04F79EFBC}") = "SBSender", "SBSender\SBSender.csproj", "{ECA40C40-BF85-4483-8B72-12A120A1DF7E}"
EndProject
Global
	GlobalSection(SolutionConfigurationPlatforms) = preSolution
		Debug|Any CPU = Debug|Any CPU
		Release|Any CPU = Release|Any CPU
	EndGlobalSection
	GlobalSection(ProjectConfigurationPlatforms) = postSolution
		{7507D9AB-A9B5-41AF-8EF8-FBC346CACBB6}.Debug|Any CPU.ActiveCfg = Debug|Any CPU
		{7507D9AB-A9B5-41AF-8EF8-FBC346CACBB6}.Debug|Any CPU.Build.0 = Debug|Any CPU
		{7507D9AB-A9B5-41AF-8EF8-FBC346CACBB6}.Release|Any CPU.ActiveCfg = Release|Any CPU
		{7507D9AB-A9B5-41AF-8EF8-FBC346CACBB6}.Release|Any CPU.Build.0 = Release|Any CPU
		{E977B5F6-964F-4DF0-B08D-FC468C2079C9}.Debug|Any CPU.ActiveCfg = Debug|Any CPU
		{E977B5F6-964F-4DF0-B08D-FC468C2079C9}.Debug|Any CPU.Build.0 = Debug|Any CPU
		{E977B5F6-964F-4DF0-B08D-FC468C2079C9}.Release|Any CPU.ActiveCfg = Release|Any CPU
		{E977B5F6-964F-4DF0-B08D-FC468C2079C9}.Release|Any CPU.Build.0 = Release|Any CPU
		{0AC7AE73-F9F7-42DC-A3F5-DA85C4D06C6B}.Debug|Any CPU.ActiveCfg = Debug|Any CPU
		{0AC7AE73-F9F7-42DC-A3F5-DA85C4D06C6B}.Debug|Any CPU.Build.0 = Debug|Any CPU
		{0AC7AE73-F9F7-42DC-A3F5-DA85C4D06C6B}.Release|Any CPU.ActiveCfg = Release|Any CPU
		{0AC7AE73-F9F7-42DC-A3F5-DA85C4D06C6B}.Release|Any CPU.Build.0 = Release|Any CPU
		{ECA40C40-BF85-4483-8B72-12A120A1DF7E}.Debug|Any CPU.ActiveCfg = Debug|Any CPU
		{ECA40C40-BF85-4483-8B72-12A120A1DF7E}.Debug|Any CPU.Build.0 = Debug|Any CPU
		{ECA40C40-BF85-4483-8B72-12A120A1DF7E}.Release|Any CPU.ActiveCfg = Release|Any CPU
		{ECA40C40-BF85-4483-8B72-12A120A1DF7E}.Release|Any CPU.Build.0 = Release|Any CPU
	EndGlobalSection
	GlobalSection(SolutionProperties) = preSolution
		HideSolutionNode = FALSE
	EndGlobalSection
	GlobalSection(ExtensibilityGlobals) = postSolution
		SolutionGuid = {93C23968-04AB-4973-9E7D-979C46B7605B}
	EndGlobalSection
EndGlobal
